
Microsoft Visual Studio Solution File, Format Version 12.00
# Visual Studio Version 17
VisualStudioVersion = 17.5.33516.290
MinimumVisualStudioVersion = 10.0.40219.1
Project("{FAE04EC0-301F-11D3-BF4B-00C04F79EFBC}") = "Lab3_Progra_8839", "Lab3_Progra_8839\Lab3_Progra_8839.csproj", "{33115EB4-1792-4875-A283-D3D235EF42A6}"
EndProject
Project("{9A19103F-16F7-4668-BE54-9A1E7A4F7556}") = "Base_Structure", "..\Data_Structures\Base_Structure\Base_Structure.csproj", "{F561642D-FD7E-4CB7-ACB3-D02A6A8E6A6E}"
EndProject
Global
	GlobalSection(SolutionConfigurationPlatforms) = preSolution
		Debug|Any CPU = Debug|Any CPU
		Release|Any CPU = Release|Any CPU
	EndGlobalSection
	GlobalSection(ProjectConfigurationPlatforms) = postSolution
		{33115EB4-1792-4875-A283-D3D235EF42A6}.Debug|Any CPU.ActiveCfg = Debug|Any CPU
		{33115EB4-1792-4875-A283-D3D235EF42A6}.Debug|Any CPU.Build.0 = Debug|Any CPU
		{33115EB4-1792-4875-A283-D3D235EF42A6}.Release|Any CPU.ActiveCfg = Release|Any CPU
		{33115EB4-1792-4875-A283-D3D235EF42A6}.Release|Any CPU.Build.0 = Release|Any CPU
		{F561642D-FD7E-4CB7-ACB3-D02A6A8E6A6E}.Debug|Any CPU.ActiveCfg = Debug|Any CPU
		{F561642D-FD7E-4CB7-ACB3-D02A6A8E6A6E}.Debug|Any CPU.Build.0 = Debug|Any CPU
		{F561642D-FD7E-4CB7-ACB3-D02A6A8E6A6E}.Release|Any CPU.ActiveCfg = Release|Any CPU
		{F561642D-FD7E-4CB7-ACB3-D02A6A8E6A6E}.Release|Any CPU.Build.0 = Release|Any CPU
	EndGlobalSection
	GlobalSection(SolutionProperties) = preSolution
		HideSolutionNode = FALSE
	EndGlobalSection
	GlobalSection(ExtensibilityGlobals) = postSolution
		SolutionGuid = {3612764E-451D-44E4-A592-855D4AB28717}
	EndGlobalSection
EndGlobal
